
Microsoft Visual Studio Solution File, Format Version 12.00
Project("{FAE04EC0-301F-11D3-BF4B-00C04F79EFBC}") = "StockView", "StockView.csproj", "{EB960F0A-2DB1-4750-8CF0-03F703F0B7EB}"
EndProject
Global
	GlobalSection(SolutionConfigurationPlatforms) = preSolution
		Debug|Any CPU = Debug|Any CPU
		Release|Any CPU = Release|Any CPU
	EndGlobalSection
	GlobalSection(ProjectConfigurationPlatforms) = postSolution
		{EB960F0A-2DB1-4750-8CF0-03F703F0B7EB}.Debug|Any CPU.ActiveCfg = Debug|Any CPU
		{EB960F0A-2DB1-4750-8CF0-03F703F0B7EB}.Debug|Any CPU.Build.0 = Debug|Any CPU
		{EB960F0A-2DB1-4750-8CF0-03F703F0B7EB}.Release|Any CPU.ActiveCfg = Release|Any CPU
		{EB960F0A-2DB1-4750-8CF0-03F703F0B7EB}.Release|Any CPU.Build.0 = Release|Any CPU
	EndGlobalSection
EndGlobal
